
Microsoft Visual Studio Solution File, Format Version 12.00
Project("{FAE04EC0-301F-11D3-BF4B-00C04F79EFBC}") = "BookStore.Web", "BookStore.Web\BookStore.Web.csproj", "{7BECB0F0-3812-46EA-B497-4C9E56BCE8F3}"
EndProject
Project("{2150E333-8FDC-42A3-9474-1A3956D46DE8}") = "domains", "domains", "{8B1DF3C7-6DD2-40F8-A3CB-60F57490AC87}"
EndProject
Project("{2150E333-8FDC-42A3-9474-1A3956D46DE8}") = "infrastructure", "infrastructure", "{870C233F-2CD8-4DAF-A108-F3B012A1C319}"
EndProject
Project("{2150E333-8FDC-42A3-9474-1A3956D46DE8}") = "presentation", "presentation", "{8B257971-399A-43C8-ACF8-1E3CB659B199}"
EndProject
Project("{FAE04EC0-301F-11D3-BF4B-00C04F79EFBC}") = "BookStore", "BookStore\BookStore.csproj", "{3F33B815-5F48-4100-AFB7-C5E50FF0BABF}"
EndProject
Project("{FAE04EC0-301F-11D3-BF4B-00C04F79EFBC}") = "BookStore.Memory", "BookStore.Memory\BookStore.Memory.csproj", "{4FC1E258-C172-4B86-A17C-B94584E00139}"
EndProject
Project("{FAE04EC0-301F-11D3-BF4B-00C04F79EFBC}") = "BookStore.Tests", "domains\BookStore.Tests\BookStore.Tests.csproj", "{06C689A9-5AB6-4D6E-B230-F3073AD8DF40}"
EndProject
Global
	GlobalSection(SolutionConfigurationPlatforms) = preSolution
		Debug|Any CPU = Debug|Any CPU
		Release|Any CPU = Release|Any CPU
	EndGlobalSection
	GlobalSection(ProjectConfigurationPlatforms) = postSolution
		{7BECB0F0-3812-46EA-B497-4C9E56BCE8F3}.Debug|Any CPU.ActiveCfg = Debug|Any CPU
		{7BECB0F0-3812-46EA-B497-4C9E56BCE8F3}.Debug|Any CPU.Build.0 = Debug|Any CPU
		{7BECB0F0-3812-46EA-B497-4C9E56BCE8F3}.Release|Any CPU.ActiveCfg = Release|Any CPU
		{7BECB0F0-3812-46EA-B497-4C9E56BCE8F3}.Release|Any CPU.Build.0 = Release|Any CPU
		{3F33B815-5F48-4100-AFB7-C5E50FF0BABF}.Debug|Any CPU.ActiveCfg = Debug|Any CPU
		{3F33B815-5F48-4100-AFB7-C5E50FF0BABF}.Debug|Any CPU.Build.0 = Debug|Any CPU
		{3F33B815-5F48-4100-AFB7-C5E50FF0BABF}.Release|Any CPU.ActiveCfg = Release|Any CPU
		{3F33B815-5F48-4100-AFB7-C5E50FF0BABF}.Release|Any CPU.Build.0 = Release|Any CPU
		{4FC1E258-C172-4B86-A17C-B94584E00139}.Debug|Any CPU.ActiveCfg = Debug|Any CPU
		{4FC1E258-C172-4B86-A17C-B94584E00139}.Debug|Any CPU.Build.0 = Debug|Any CPU
		{4FC1E258-C172-4B86-A17C-B94584E00139}.Release|Any CPU.ActiveCfg = Release|Any CPU
		{4FC1E258-C172-4B86-A17C-B94584E00139}.Release|Any CPU.Build.0 = Release|Any CPU
		{06C689A9-5AB6-4D6E-B230-F3073AD8DF40}.Debug|Any CPU.ActiveCfg = Debug|Any CPU
		{06C689A9-5AB6-4D6E-B230-F3073AD8DF40}.Debug|Any CPU.Build.0 = Debug|Any CPU
		{06C689A9-5AB6-4D6E-B230-F3073AD8DF40}.Release|Any CPU.ActiveCfg = Release|Any CPU
		{06C689A9-5AB6-4D6E-B230-F3073AD8DF40}.Release|Any CPU.Build.0 = Release|Any CPU
	EndGlobalSection
	GlobalSection(NestedProjects) = preSolution
		{7BECB0F0-3812-46EA-B497-4C9E56BCE8F3} = {8B257971-399A-43C8-ACF8-1E3CB659B199}
		{3F33B815-5F48-4100-AFB7-C5E50FF0BABF} = {8B1DF3C7-6DD2-40F8-A3CB-60F57490AC87}
		{4FC1E258-C172-4B86-A17C-B94584E00139} = {870C233F-2CD8-4DAF-A108-F3B012A1C319}
		{06C689A9-5AB6-4D6E-B230-F3073AD8DF40} = {8B1DF3C7-6DD2-40F8-A3CB-60F57490AC87}
	EndGlobalSection
EndGlobal
